
Microsoft Visual Studio Solution File, Format Version 12.00
# Visual Studio Version 17
VisualStudioVersion = 17.11.35303.130
MinimumVisualStudioVersion = 10.0.40219.1
Project("{FAE04EC0-301F-11D3-BF4B-00C04F79EFBC}") = "GetYandexMusicToken", "GetYandexMusicToken.csproj", "{8326A75E-0046-440F-8D29-23A699E52CE5}"
EndProject
Global
	GlobalSection(SolutionConfigurationPlatforms) = preSolution
		Debug|Any CPU = Debug|Any CPU
		Release|Any CPU = Release|Any CPU
	EndGlobalSection
	GlobalSection(ProjectConfigurationPlatforms) = postSolution
		{8326A75E-0046-440F-8D29-23A699E52CE5}.Debug|Any CPU.ActiveCfg = Debug|Any CPU
		{8326A75E-0046-440F-8D29-23A699E52CE5}.Debug|Any CPU.Build.0 = Debug|Any CPU
		{8326A75E-0046-440F-8D29-23A699E52CE5}.Release|Any CPU.ActiveCfg = Release|Any CPU
		{8326A75E-0046-440F-8D29-23A699E52CE5}.Release|Any CPU.Build.0 = Release|Any CPU
	EndGlobalSection
	GlobalSection(SolutionProperties) = preSolution
		HideSolutionNode = FALSE
	EndGlobalSection
	GlobalSection(ExtensibilityGlobals) = postSolution
		SolutionGuid = {E4F83786-DDAD-4EC1-B753-CFB6A1696EB6}
	EndGlobalSection
EndGlobal
